
Microsoft Visual Studio Solution File, Format Version 12.00
# Visual Studio Version 17
VisualStudioVersion = 17.5.002.0
MinimumVisualStudioVersion = 10.0.40219.1
Project("{9A19103F-16F7-4668-BE54-9A1E7A4F7556}") = "ChatAppClient", "ChatAppClient.csproj", "{34407960-D0EE-4009-83A0-B65519A271F9}"
EndProject
Global
	GlobalSection(SolutionConfigurationPlatforms) = preSolution
		Debug|Any CPU = Debug|Any CPU
		Release|Any CPU = Release|Any CPU
	EndGlobalSection
	GlobalSection(ProjectConfigurationPlatforms) = postSolution
		{34407960-D0EE-4009-83A0-B65519A271F9}.Debug|Any CPU.ActiveCfg = Debug|Any CPU
		{34407960-D0EE-4009-83A0-B65519A271F9}.Debug|Any CPU.Build.0 = Debug|Any CPU
		{34407960-D0EE-4009-83A0-B65519A271F9}.Release|Any CPU.ActiveCfg = Release|Any CPU
		{34407960-D0EE-4009-83A0-B65519A271F9}.Release|Any CPU.Build.0 = Release|Any CPU
	EndGlobalSection
	GlobalSection(SolutionProperties) = preSolution
		HideSolutionNode = FALSE
	EndGlobalSection
	GlobalSection(ExtensibilityGlobals) = postSolution
		SolutionGuid = {A2BAD04D-8570-459C-87AC-5D4A781A93CB}
	EndGlobalSection
EndGlobal
